// !$*UTF8*$!
{
	archiveVersion = 1;
	classes = {
	};
	objectVersion = 46;
	objects = {

/* Begin PBXBuildFile section */
		C085B8E518F8CF4C00D05472 /* Foundation.framework in Frameworks */ = {isa = PBXBuildFile; fileRef = C085B8E418F8CF4C00D05472 /* Foundation.framework */; };
		C085B8E718F8CF4C00D05472 /* CoreGraphics.framework in Frameworks */ = {isa = PBXBuildFile; fileRef = C085B8E618F8CF4C00D05472 /* CoreGraphics.framework */; };
		C085B8E918F8CF4C00D05472 /* UIKit.framework in Frameworks */ = {isa = PBXBuildFile; fileRef = C085B8E818F8CF4C00D05472 /* UIKit.framework */; };
		C085B8EF18F8CF4C00D05472 /* InfoPlist.strings in Resources */ = {isa = PBXBuildFile; fileRef = C085B8ED18F8CF4C00D05472 /* InfoPlist.strings */; };
		C085B8F118F8CF4C00D05472 /* main.m in Sources */ = {isa = PBXBuildFile; fileRef = C085B8F018F8CF4C00D05472 /* main.m */; };
		C085B8F518F8CF4C00D05472 /* RPTAppDelegate.m in Sources */ = {isa = PBXBuildFile; fileRef = C085B8F418F8CF4C00D05472 /* RPTAppDelegate.m */; };
		C085B8F818F8CF4C00D05472 /* Main.storyboard in Resources */ = {isa = PBXBuildFile; fileRef = C085B8F618F8CF4C00D05472 /* Main.storyboard */; };
		C085B8FB18F8CF4C00D05472 /* RPTViewController.m in Sources */ = {isa = PBXBuildFile; fileRef = C085B8FA18F8CF4C00D05472 /* RPTViewController.m */; };
		C085B8FD18F8CF4C00D05472 /* Images.xcassets in Resources */ = {isa = PBXBuildFile; fileRef = C085B8FC18F8CF4C00D05472 /* Images.xcassets */; };
		C085B90418F8CF4C00D05472 /* XCTest.framework in Frameworks */ = {isa = PBXBuildFile; fileRef = C085B90318F8CF4C00D05472 /* XCTest.framework */; };
		C085B90518F8CF4C00D05472 /* Foundation.framework in Frameworks */ = {isa = PBXBuildFile; fileRef = C085B8E418F8CF4C00D05472 /* Foundation.framework */; };
		C085B90618F8CF4C00D05472 /* UIKit.framework in Frameworks */ = {isa = PBXBuildFile; fileRef = C085B8E818F8CF4C00D05472 /* UIKit.framework */; };
		C085B90E18F8CF4C00D05472 /* InfoPlist.strings in Resources */ = {isa = PBXBuildFile; fileRef = C085B90C18F8CF4C00D05472 /* InfoPlist.strings */; };
		C085B91018F8CF4C00D05472 /* RGBPodTestTests.m in Sources */ = {isa = PBXBuildFile; fileRef = C085B90F18F8CF4C00D05472 /* RGBPodTestTests.m */; };
/* End PBXBuildFile section */

/* Begin PBXContainerItemProxy section */
		C085B90718F8CF4C00D05472 /* PBXContainerItemProxy */ = {
			isa = PBXContainerItemProxy;
			containerPortal = C085B8D918F8CF4C00D05472 /* Project object */;
			proxyType = 1;
			remoteGlobalIDString = C085B8E018F8CF4C00D05472;
			remoteInfo = RGBPodTest;
		};
/* End PBXContainerItemProxy section */

/* Begin PBXFileReference section */
		C085B8E118F8CF4C00D05472 /* RGBPodTest.app */ = {isa = PBXFileReference; explicitFileType = wrapper.application; includeInIndex = 0; path = RGBPodTest.app; sourceTree = BUILT_PRODUCTS_DIR; };
		C085B8E418F8CF4C00D05472 /* Foundation.framework */ = {isa = PBXFileReference; lastKnownFileType = wrapper.framework; name = Foundation.framework; path = System/Library/Frameworks/Foundation.framework; sourceTree = SDKROOT; };
		C085B8E618F8CF4C00D05472 /* CoreGraphics.framework */ = {isa = PBXFileReference; lastKnownFileType = wrapper.framework; name = CoreGraphics.framework; path = System/Library/Frameworks/CoreGraphics.framework; sourceTree = SDKROOT; };
		C085B8E818F8CF4C00D05472 /* UIKit.framework */ = {isa = PBXFileReference; lastKnownFileType = wrapper.framework; name = UIKit.framework; path = System/Library/Frameworks/UIKit.framework; sourceTree = SDKROOT; };
		C085B8EC18F8CF4C00D05472 /* RGBPodTest-Info.plist */ = {isa = PBXFileReference; lastKnownFileType = text.plist.xml; path = "RGBPodTest-Info.plist"; sourceTree = "<group>"; };
		C085B8EE18F8CF4C00D05472 /* en */ = {isa = PBXFileReference; lastKnownFileType = text.plist.strings; name = en; path = en.lproj/InfoPlist.strings; sourceTree = "<group>"; };
		C085B8F018F8CF4C00D05472 /* main.m */ = {isa = PBXFileReference; lastKnownFileType = sourcecode.c.objc; path = main.m; sourceTree = "<group>"; };
		C085B8F218F8CF4C00D05472 /* RGBPodTest-Prefix.pch */ = {isa = PBXFileReference; lastKnownFileType = sourcecode.c.h; path = "RGBPodTest-Prefix.pch"; sourceTree = "<group>"; };
		C085B8F318F8CF4C00D05472 /* RPTAppDelegate.h */ = {isa = PBXFileReference; lastKnownFileType = sourcecode.c.h; path = RPTAppDelegate.h; sourceTree = "<group>"; };
		C085B8F418F8CF4C00D05472 /* RPTAppDelegate.m */ = {isa = PBXFileReference; lastKnownFileType = sourcecode.c.objc; path = RPTAppDelegate.m; sourceTree = "<group>"; };
		C085B8F718F8CF4C00D05472 /* Base */ = {isa = PBXFileReference; lastKnownFileType = file.storyboard; name = Base; path = Base.lproj/Main.storyboard; sourceTree = "<group>"; };
		C085B8F918F8CF4C00D05472 /* RPTViewController.h */ = {isa = PBXFileReference; lastKnownFileType = sourcecode.c.h; path = RPTViewController.h; sourceTree = "<group>"; };
		C085B8FA18F8CF4C00D05472 /* RPTViewController.m */ = {isa = PBXFileReference; lastKnownFileType = sourcecode.c.objc; path = RPTViewController.m; sourceTree = "<group>"; };
		C085B8FC18F8CF4C00D05472 /* Images.xcassets */ = {isa = PBXFileReference; lastKnownFileType = folder.assetcatalog; path = Images.xcassets; sourceTree = "<group>"; };
		C085B90218F8CF4C00D05472 /* RGBPodTestTests.xctest */ = {isa = PBXFileReference; explicitFileType = wrapper.cfbundle; includeInIndex = 0; path = RGBPodTestTests.xctest; sourceTree = BUILT_PRODUCTS_DIR; };
		C085B90318F8CF4C00D05472 /* XCTest.framework */ = {isa = PBXFileReference; lastKnownFileType = wrapper.framework; name = XCTest.framework; path = Library/Frameworks/XCTest.framework; sourceTree = DEVELOPER_DIR; };
		C085B90B18F8CF4C00D05472 /* RGBPodTestTests-Info.plist */ = {isa = PBXFileReference; lastKnownFileType = text.plist.xml; path = "RGBPodTestTests-Info.plist"; sourceTree = "<group>"; };
		C085B90D18F8CF4C00D05472 /* en */ = {isa = PBXFileReference; lastKnownFileType = text.plist.strings; name = en; path = en.lproj/InfoPlist.strings; sourceTree = "<group>"; };
		C085B90F18F8CF4C00D05472 /* RGBPodTestTests.m */ = {isa = PBXFileReference; lastKnownFileType = sourcecode.c.objc; path = RGBPodTestTests.m; sourceTree = "<group>"; };
/* End PBXFileReference section */

/* Begin PBXFrameworksBuildPhase section */
		C085B8DE18F8CF4C00D05472 /* Frameworks */ = {
			isa = PBXFrameworksBuildPhase;
			buildActionMask = 2147483647;
			files = (
				C085B8E718F8CF4C00D05472 /* CoreGraphics.framework in Frameworks */,
				C085B8E918F8CF4C00D05472 /* UIKit.framework in Frameworks */,
				C085B8E518F8CF4C00D05472 /* Foundation.framework in Frameworks */,
			);
			runOnlyForDeploymentPostprocessing = 0;
		};
		C085B8FF18F8CF4C00D05472 /* Frameworks */ = {
			isa = PBXFrameworksBuildPhase;
			buildActionMask = 2147483647;
			files = (
				C085B90418F8CF4C00D05472 /* XCTest.framework in Frameworks */,
				C085B90618F8CF4C00D05472 /* UIKit.framework in Frameworks */,
				C085B90518F8CF4C00D05472 /* Foundation.framework in Frameworks */,
			);
			runOnlyForDeploymentPostprocessing = 0;
		};
/* End PBXFrameworksBuildPhase section */

/* Begin PBXGroup section */
		C085B8D818F8CF4C00D05472 = {
			isa = PBXGroup;
			children = (
				C085B8EA18F8CF4C00D05472 /* RGBPodTest */,
				C085B90918F8CF4C00D05472 /* RGBPodTestTests */,
				C085B8E318F8CF4C00D05472 /* Frameworks */,
				C085B8E218F8CF4C00D05472 /* Products */,
			);
			sourceTree = "<group>";
		};
		C085B8E218F8CF4C00D05472 /* Products */ = {
			isa = PBXGroup;
			children = (
				C085B8E118F8CF4C00D05472 /* RGBPodTest.app */,
				C085B90218F8CF4C00D05472 /* RGBPodTestTests.xctest */,
			);
			name = Products;
			sourceTree = "<group>";
		};
		C085B8E318F8CF4C00D05472 /* Frameworks */ = {
			isa = PBXGroup;
			children = (
				C085B8E418F8CF4C00D05472 /* Foundation.framework */,
				C085B8E618F8CF4C00D05472 /* CoreGraphics.framework */,
				C085B8E818F8CF4C00D05472 /* UIKit.framework */,
				C085B90318F8CF4C00D05472 /* XCTest.framework */,
			);
			name = Frameworks;
			sourceTree = "<group>";
		};
		C085B8EA18F8CF4C00D05472 /* RGBPodTest */ = {
			isa = PBXGroup;
			children = (
				C085B8F318F8CF4C00D05472 /* RPTAppDelegate.h */,
				C085B8F418F8CF4C00D05472 /* RPTAppDelegate.m */,
				C085B8F618F8CF4C00D05472 /* Main.storyboard */,
				C085B8F918F8CF4C00D05472 /* RPTViewController.h */,
				C085B8FA18F8CF4C00D05472 /* RPTViewController.m */,
				C085B8FC18F8CF4C00D05472 /* Images.xcassets */,
				C085B8EB18F8CF4C00D05472 /* Supporting Files */,
			);
			path = RGBPodTest;
			sourceTree = "<group>";
		};
		C085B8EB18F8CF4C00D05472 /* Supporting Files */ = {
			isa = PBXGroup;
			children = (
				C085B8EC18F8CF4C00D05472 /* RGBPodTest-Info.plist */,
				C085B8ED18F8CF4C00D05472 /* InfoPlist.strings */,
				C085B8F018F8CF4C00D05472 /* main.m */,
				C085B8F218F8CF4C00D05472 /* RGBPodTest-Prefix.pch */,
			);
			name = "Supporting Files";
			sourceTree = "<group>";
		};
		C085B90918F8CF4C00D05472 /* RGBPodTestTests */ = {
			isa = PBXGroup;
			children = (
				C085B90F18F8CF4C00D05472 /* RGBPodTestTests.m */,
				C085B90A18F8CF4C00D05472 /* Supporting Files */,
			);
			path = RGBPodTestTests;
			sourceTree = "<group>";
		};
		C085B90A18F8CF4C00D05472 /* Supporting Files */ = {
			isa = PBXGroup;
			children = (
				C085B90B18F8CF4C00D05472 /* RGBPodTestTests-Info.plist */,
				C085B90C18F8CF4C00D05472 /* InfoPlist.strings */,
			);
			name = "Supporting Files";
			sourceTree = "<group>";
		};
/* End PBXGroup section */

/* Begin PBXNativeTarget section */
		C085B8E018F8CF4C00D05472 /* RGBPodTest */ = {
			isa = PBXNativeTarget;
			buildConfigurationList = C085B91318F8CF4C00D05472 /* Build configuration list for PBXNativeTarget "RGBPodTest" */;
			buildPhases = (
				C085B8DD18F8CF4C00D05472 /* Sources */,
				C085B8DE18F8CF4C00D05472 /* Frameworks */,
				C085B8DF18F8CF4C00D05472 /* Resources */,
			);
			buildRules = (
			);
			dependencies = (
			);
			name = RGBPodTest;
			productName = RGBPodTest;
			productReference = C085B8E118F8CF4C00D05472 /* RGBPodTest.app */;
			productType = "com.apple.product-type.application";
		};
		C085B90118F8CF4C00D05472 /* RGBPodTestTests */ = {
			isa = PBXNativeTarget;
			buildConfigurationList = C085B91618F8CF4C00D05472 /* Build configuration list for PBXNativeTarget "RGBPodTestTests" */;
			buildPhases = (
				C085B8FE18F8CF4C00D05472 /* Sources */,
				C085B8FF18F8CF4C00D05472 /* Frameworks */,
				C085B90018F8CF4C00D05472 /* Resources */,
			);
			buildRules = (
			);
			dependencies = (
				C085B90818F8CF4C00D05472 /* PBXTargetDependency */,
			);
			name = RGBPodTestTests;
			productName = RGBPodTestTests;
			productReference = C085B90218F8CF4C00D05472 /* RGBPodTestTests.xctest */;
			productType = "com.apple.product-type.bundle.unit-test";
		};
/* End PBXNativeTarget section */

/* Begin PBXProject section */
		C085B8D918F8CF4C00D05472 /* Project object */ = {
			isa = PBXProject;
			attributes = {
				CLASSPREFIX = RPT;
				LastUpgradeCheck = 0510;
				ORGANIZATIONNAME = "Eric Appel";
				TargetAttributes = {
					C085B90118F8CF4C00D05472 = {
						TestTargetID = C085B8E018F8CF4C00D05472;
					};
				};
			};
			buildConfigurationList = C085B8DC18F8CF4C00D05472 /* Build configuration list for PBXProject "RGBPodTest" */;
			compatibilityVersion = "Xcode 3.2";
			developmentRegion = English;
			hasScannedForEncodings = 0;
			knownRegions = (
				en,
				Base,
			);
			mainGroup = C085B8D818F8CF4C00D05472;
			productRefGroup = C085B8E218F8CF4C00D05472 /* Products */;
			projectDirPath = "";
			projectRoot = "";
			targets = (
				C085B8E018F8CF4C00D05472 /* RGBPodTest */,
				C085B90118F8CF4C00D05472 /* RGBPodTestTests */,
			);
		};
/* End PBXProject section */

/* Begin PBXResourcesBuildPhase section */
		C085B8DF18F8CF4C00D05472 /* Resources */ = {
			isa = PBXResourcesBuildPhase;
			buildActionMask = 2147483647;
			files = (
				C085B8FD18F8CF4C00D05472 /* Images.xcassets in Resources */,
				C085B8EF18F8CF4C00D05472 /* InfoPlist.strings in Resources */,
				C085B8F818F8CF4C00D05472 /* Main.storyboard in Resources */,
			);
			runOnlyForDeploymentPostprocessing = 0;
		};
		C085B90018F8CF4C00D05472 /* Resources */ = {
			isa = PBXResourcesBuildPhase;
			buildActionMask = 2147483647;
			files = (
				C085B90E18F8CF4C00D05472 /* InfoPlist.strings in Resources */,
			);
			runOnlyForDeploymentPostprocessing = 0;
		};
/* End PBXResourcesBuildPhase section */

/* Begin PBXSourcesBuildPhase section */
		C085B8DD18F8CF4C00D05472 /* Sources */ = {
			isa = PBXSourcesBuildPhase;
			buildActionMask = 2147483647;
			files = (
				C085B8F118F8CF4C00D05472 /* main.m in Sources */,
				C085B8F518F8CF4C00D05472 /* RPTAppDelegate.m in Sources */,
				C085B8FB18F8CF4C00D05472 /* RPTViewController.m in Sources */,
			);
			runOnlyForDeploymentPostprocessing = 0;
		};
		C085B8FE18F8CF4C00D05472 /* Sources */ = {
			isa = PBXSourcesBuildPhase;
			buildActionMask = 2147483647;
			files = (
				C085B91018F8CF4C00D05472 /* RGBPodTestTests.m in Sources */,
			);
			runOnlyForDeploymentPostprocessing = 0;
		};
/* End PBXSourcesBuildPhase section */

/* Begin PBXTargetDependency section */
		C085B90818F8CF4C00D05472 /* PBXTargetDependency */ = {
			isa = PBXTargetDependency;
			target = C085B8E018F8CF4C00D05472 /* RGBPodTest */;
			targetProxy = C085B90718F8CF4C00D05472 /* PBXContainerItemProxy */;
		};
/* End PBXTargetDependency section */

/* Begin PBXVariantGroup section */
		C085B8ED18F8CF4C00D05472 /* InfoPlist.strings */ = {
			isa = PBXVariantGroup;
			children = (
				C085B8EE18F8CF4C00D05472 /* en */,
			);
			name = InfoPlist.strings;
			sourceTree = "<group>";
		};
		C085B8F618F8CF4C00D05472 /* Main.storyboard */ = {
			isa = PBXVariantGroup;
			children = (
				C085B8F718F8CF4C00D05472 /* Base */,
			);
			name = Main.storyboard;
			sourceTree = "<group>";
		};
		C085B90C18F8CF4C00D05472 /* InfoPlist.strings */ = {
			isa = PBXVariantGroup;
			children = (
				C085B90D18F8CF4C00D05472 /* en */,
			);
			name = InfoPlist.strings;
			sourceTree = "<group>";
		};
/* End PBXVariantGroup section */

/* Begin XCBuildConfiguration section */
		C085B91118F8CF4C00D05472 /* Debug */ = {
			isa = XCBuildConfiguration;
			buildSettings = {
				ALWAYS_SEARCH_USER_PATHS = NO;
				CLANG_CXX_LANGUAGE_STANDARD = "gnu++0x";
				CLANG_CXX_LIBRARY = "libc++";
				CLANG_ENABLE_MODULES = YES;
				CLANG_ENABLE_OBJC_ARC = YES;
				CLANG_WARN_BOOL_CONVERSION = YES;
				CLANG_WARN_CONSTANT_CONVERSION = YES;
				CLANG_WARN_DIRECT_OBJC_ISA_USAGE = YES_ERROR;
				CLANG_WARN_EMPTY_BODY = YES;
				CLANG_WARN_ENUM_CONVERSION = YES;
				CLANG_WARN_INT_CONVERSION = YES;
				CLANG_WARN_OBJC_ROOT_CLASS = YES_ERROR;
				CLANG_WARN__DUPLICATE_METHOD_MATCH = YES;
				"CODE_SIGN_IDENTITY[sdk=iphoneos*]" = "iPhone Developer";
				COPY_PHASE_STRIP = NO;
				GCC_C_LANGUAGE_STANDARD = gnu99;
				GCC_DYNAMIC_NO_PIC = NO;
				GCC_OPTIMIZATION_LEVEL = 0;
				GCC_PREPROCESSOR_DEFINITIONS = (
					"DEBUG=1",
					"$(inherited)",
				);
				GCC_SYMBOLS_PRIVATE_EXTERN = NO;
				GCC_WARN_64_TO_32_BIT_CONVERSION = YES;
				GCC_WARN_ABOUT_RETURN_TYPE = YES_ERROR;
				GCC_WARN_UNDECLARED_SELECTOR = YES;
				GCC_WARN_UNINITIALIZED_AUTOS = YES_AGGRESSIVE;
				GCC_WARN_UNUSED_FUNCTION = YES;
				GCC_WARN_UNUSED_VARIABLE = YES;
				IPHONEOS_DEPLOYMENT_TARGET = 7.1;
				ONLY_ACTIVE_ARCH = YES;
				SDKROOT = iphoneos;
			};
			name = Debug;
		};
		C085B91218F8CF4C00D05472 /* Release */ = {
			isa = XCBuildConfiguration;
			buildSettings = {
				ALWAYS_SEARCH_USER_PATHS = NO;
				CLANG_CXX_LANGUAGE_STANDARD = "gnu++0x";
				CLANG_CXX_LIBRARY = "libc++";
				CLANG_ENABLE_MODULES = YES;
				CLANG_ENABLE_OBJC_ARC = YES;
				CLANG_WARN_BOOL_CONVERSION = YES;
				CLANG_WARN_CONSTANT_CONVERSION = YES;
				CLANG_WARN_DIRECT_OBJC_ISA_USAGE = YES_ERROR;
				CLANG_WARN_EMPTY_BODY = YES;
				CLANG_WARN_ENUM_CONVERSION = YES;
				CLANG_WARN_INT_CONVERSION = YES;
				CLANG_WARN_OBJC_ROOT_CLASS = YES_ERROR;
				CLANG_WARN__DUPLICATE_METHOD_MATCH = YES;
				"CODE_SIGN_IDENTITY[sdk=iphoneos*]" = "iPhone Developer";
				COPY_PHASE_STRIP = YES;
				ENABLE_NS_ASSERTIONS = NO;
				GCC_C_LANGUAGE_STANDARD = gnu99;
				GCC_WARN_64_TO_32_BIT_CONVERSION = YES;
				GCC_WARN_ABOUT_RETURN_TYPE = YES_ERROR;
				GCC_WARN_UNDECLARED_SELECTOR = YES;
				GCC_WARN_UNINITIALIZED_AUTOS = YES_AGGRESSIVE;
				GCC_WARN_UNUSED_FUNCTION = YES;
				GCC_WARN_UNUSED_VARIABLE = YES;
				IPHONEOS_DEPLOYMENT_TARGET = 7.1;
				SDKROOT = iphoneos;
				VALIDATE_PRODUCT = YES;
			};
			name = Release;
		};
		C085B91418F8CF4C00D05472 /* Debug */ = {
			isa = XCBuildConfiguration;
			buildSettings = {
				ASSETCATALOG_COMPILER_APPICON_NAME = AppIcon;
				ASSETCATALOG_COMPILER_LAUNCHIMAGE_NAME = LaunchImage;
				GCC_PRECOMPILE_PREFIX_HEADER = YES;
				GCC_PREFIX_HEADER = "RGBPodTest/RGBPodTest-Prefix.pch";
				INFOPLIST_FILE = "RGBPodTest/RGBPodTest-Info.plist";
				PRODUCT_NAME = "$(TARGET_NAME)";
				WRAPPER_EXTENSION = app;
			};
			name = Debug;
		};
		C085B91518F8CF4C00D05472 /* Release */ = {
			isa = XCBuildConfiguration;
			buildSettings = {
				ASSETCATALOG_COMPILER_APPICON_NAME = AppIcon;
				ASSETCATALOG_COMPILER_LAUNCHIMAGE_NAME = LaunchImage;
				GCC_PRECOMPILE_PREFIX_HEADER = YES;
				GCC_PREFIX_HEADER = "RGBPodTest/RGBPodTest-Prefix.pch";
				INFOPLIST_FILE = "RGBPodTest/RGBPodTest-Info.plist";
				PRODUCT_NAME = "$(TARGET_NAME)";
				WRAPPER_EXTENSION = app;
			};
			name = Release;
		};
		C085B91718F8CF4C00D05472 /* Debug */ = {
			isa = XCBuildConfiguration;
			buildSettings = {
				BUNDLE_LOADER = "$(BUILT_PRODUCTS_DIR)/RGBPodTest.app/RGBPodTest";
				FRAMEWORK_SEARCH_PATHS = (
					"$(SDKROOT)/Developer/Library/Frameworks",
					"$(inherited)",
					"$(DEVELOPER_FRAMEWORKS_DIR)",
				);
				GCC_PRECOMPILE_PREFIX_HEADER = YES;
				GCC_PREFIX_HEADER = "RGBPodTest/RGBPodTest-Prefix.pch";
				GCC_PREPROCESSOR_DEFINITIONS = (
					"DEBUG=1",
					"$(inherited)",
				);
				INFOPLIST_FILE = "RGBPodTestTests/RGBPodTestTests-Info.plist";
				PRODUCT_NAME = "$(TARGET_NAME)";
				TEST_HOST = "$(BUNDLE_LOADER)";
				WRAPPER_EXTENSION = xctest;
			};
			name = Debug;
		};
		C085B91818F8CF4C00D05472 /* Release */ = {
			isa = XCBuildConfiguration;
			buildSettings = {
				BUNDLE_LOADER = "$(BUILT_PRODUCTS_DIR)/RGBPodTest.app/RGBPodTest";
				FRAMEWORK_SEARCH_PATHS = (
					"$(SDKROOT)/Developer/Library/Frameworks",
					"$(inherited)",
					"$(DEVELOPER_FRAMEWORKS_DIR)",
				);
				GCC_PRECOMPILE_PREFIX_HEADER = YES;
				GCC_PREFIX_HEADER = "RGBPodTest/RGBPodTest-Prefix.pch";
				INFOPLIST_FILE = "RGBPodTestTests/RGBPodTestTests-Info.plist";
				PRODUCT_NAME = "$(TARGET_NAME)";
				TEST_HOST = "$(BUNDLE_LOADER)";
				WRAPPER_EXTENSION = xctest;
			};
			name = Release;
		};
/* End XCBuildConfiguration section */

/* Begin XCConfigurationList section */
		C085B8DC18F8CF4C00D05472 /* Build configuration list for PBXProject "RGBPodTest" */ = {
			isa = XCConfigurationList;
			buildConfigurations = (
				C085B91118F8CF4C00D05472 /* Debug */,
				C085B91218F8CF4C00D05472 /* Release */,
			);
			defaultConfigurationIsVisible = 0;
			defaultConfigurationName = Release;
		};
		C085B91318F8CF4C00D05472 /* Build configuration list for PBXNativeTarget "RGBPodTest" */ = {
			isa = XCConfigurationList;
			buildConfigurations = (
				C085B91418F8CF4C00D05472 /* Debug */,
				C085B91518F8CF4C00D05472 /* Release */,
			);
			defaultConfigurationIsVisible = 0;
		};
		C085B91618F8CF4C00D05472 /* Build configuration list for PBXNativeTarget "RGBPodTestTests" */ = {
			isa = XCConfigurationList;
			buildConfigurations = (
				C085B91718F8CF4C00D05472 /* Debug */,
				C085B91818F8CF4C00D05472 /* Release */,
			);
			defaultConfigurationIsVisible = 0;
		};
/* End XCConfigurationList section */
	};
	rootObject = C085B8D918F8CF4C00D05472 /* Project object */;
}
